// !$*UTF8*$!
{
	archiveVersion = 1;
	classes = {
	};
	objectVersion = 50;
	objects = {

/* Begin PBXBuildFile section */
		FC03C7B8256DE7FE00AD2614 /* AppDelegate.swift in Sources */ = {isa = PBXBuildFile; fileRef = FC03C7B7256DE7FE00AD2614 /* AppDelegate.swift */; };
		FC03C7BA256DE7FE00AD2614 /* SceneDelegate.swift in Sources */ = {isa = PBXBuildFile; fileRef = FC03C7B9256DE7FE00AD2614 /* SceneDelegate.swift */; };
		FC03C7BC256DE7FE00AD2614 /* SearchViewController.swift in Sources */ = {isa = PBXBuildFile; fileRef = FC03C7BB256DE7FE00AD2614 /* SearchViewController.swift */; };
		FC03C7BF256DE7FE00AD2614 /* Main.storyboard in Resources */ = {isa = PBXBuildFile; fileRef = FC03C7BD256DE7FE00AD2614 /* Main.storyboard */; };
		FC03C7C1256DE80000AD2614 /* Assets.xcassets in Resources */ = {isa = PBXBuildFile; fileRef = FC03C7C0256DE80000AD2614 /* Assets.xcassets */; };
		FC03C7C4256DE80000AD2614 /* LaunchScreen.storyboard in Resources */ = {isa = PBXBuildFile; fileRef = FC03C7C2256DE80000AD2614 /* LaunchScreen.storyboard */; };
		FC03C7CE256E006600AD2614 /* SearchResult.swift in Sources */ = {isa = PBXBuildFile; fileRef = FC03C7CD256E006600AD2614 /* SearchResult.swift */; };
		FCE20BA9257B392100FC748C /* LoadingCell.xib in Resources */ = {isa = PBXBuildFile; fileRef = FCE20BA8257B392100FC748C /* LoadingCell.xib */; };
		FCE5ADEA25708F8B00DB4495 /* SearchResultCell.xib in Resources */ = {isa = PBXBuildFile; fileRef = FCE5ADE925708F8B00DB4495 /* SearchResultCell.xib */; };
		FCE5ADED25709BBC00DB4495 /* SearchResultCell.swift in Sources */ = {isa = PBXBuildFile; fileRef = FCE5ADEC25709BBC00DB4495 /* SearchResultCell.swift */; };
		FCE5ADF02570A10200DB4495 /* NothingFoundCell.xib in Resources */ = {isa = PBXBuildFile; fileRef = FCE5ADEF2570A10200DB4495 /* NothingFoundCell.xib */; };
/* End PBXBuildFile section */

/* Begin PBXFileReference section */
		FC03C7B4256DE7FE00AD2614 /* FakeItunes.app */ = {isa = PBXFileReference; explicitFileType = wrapper.application; includeInIndex = 0; path = FakeItunes.app; sourceTree = BUILT_PRODUCTS_DIR; };
		FC03C7B7256DE7FE00AD2614 /* AppDelegate.swift */ = {isa = PBXFileReference; lastKnownFileType = sourcecode.swift; path = AppDelegate.swift; sourceTree = "<group>"; };
		FC03C7B9256DE7FE00AD2614 /* SceneDelegate.swift */ = {isa = PBXFileReference; lastKnownFileType = sourcecode.swift; path = SceneDelegate.swift; sourceTree = "<group>"; };
		FC03C7BB256DE7FE00AD2614 /* SearchViewController.swift */ = {isa = PBXFileReference; lastKnownFileType = sourcecode.swift; path = SearchViewController.swift; sourceTree = "<group>"; };
		FC03C7BE256DE7FE00AD2614 /* Base */ = {isa = PBXFileReference; lastKnownFileType = file.storyboard; name = Base; path = Base.lproj/Main.storyboard; sourceTree = "<group>"; };
		FC03C7C0256DE80000AD2614 /* Assets.xcassets */ = {isa = PBXFileReference; lastKnownFileType = folder.assetcatalog; path = Assets.xcassets; sourceTree = "<group>"; };
		FC03C7C3256DE80000AD2614 /* Base */ = {isa = PBXFileReference; lastKnownFileType = file.storyboard; name = Base; path = Base.lproj/LaunchScreen.storyboard; sourceTree = "<group>"; };
		FC03C7C5256DE80000AD2614 /* Info.plist */ = {isa = PBXFileReference; lastKnownFileType = text.plist.xml; path = Info.plist; sourceTree = "<group>"; };
		FC03C7CD256E006600AD2614 /* SearchResult.swift */ = {isa = PBXFileReference; lastKnownFileType = sourcecode.swift; path = SearchResult.swift; sourceTree = "<group>"; };
		FCE20BA8257B392100FC748C /* LoadingCell.xib */ = {isa = PBXFileReference; lastKnownFileType = file.xib; path = LoadingCell.xib; sourceTree = "<group>"; };
		FCE5ADE925708F8B00DB4495 /* SearchResultCell.xib */ = {isa = PBXFileReference; lastKnownFileType = file.xib; path = SearchResultCell.xib; sourceTree = "<group>"; };
		FCE5ADEC25709BBC00DB4495 /* SearchResultCell.swift */ = {isa = PBXFileReference; lastKnownFileType = sourcecode.swift; path = SearchResultCell.swift; sourceTree = "<group>"; };
		FCE5ADEF2570A10200DB4495 /* NothingFoundCell.xib */ = {isa = PBXFileReference; lastKnownFileType = file.xib; path = NothingFoundCell.xib; sourceTree = "<group>"; };
/* End PBXFileReference section */

/* Begin PBXFrameworksBuildPhase section */
		FC03C7B1256DE7FE00AD2614 /* Frameworks */ = {
			isa = PBXFrameworksBuildPhase;
			buildActionMask = 2147483647;
			files = (
			);
			runOnlyForDeploymentPostprocessing = 0;
		};
/* End PBXFrameworksBuildPhase section */

/* Begin PBXGroup section */
		FC03C7AB256DE7FE00AD2614 = {
			isa = PBXGroup;
			children = (
				FC03C7B6256DE7FE00AD2614 /* FakeItunes */,
				FC03C7B5256DE7FE00AD2614 /* Products */,
			);
			sourceTree = "<group>";
		};
		FC03C7B5256DE7FE00AD2614 /* Products */ = {
			isa = PBXGroup;
			children = (
				FC03C7B4256DE7FE00AD2614 /* FakeItunes.app */,
			);
			name = Products;
			sourceTree = "<group>";
		};
		FC03C7B6256DE7FE00AD2614 /* FakeItunes */ = {
			isa = PBXGroup;
			children = (
				FC03C7B7256DE7FE00AD2614 /* AppDelegate.swift */,
				FC03C7B9256DE7FE00AD2614 /* SceneDelegate.swift */,
				FC03C7BB256DE7FE00AD2614 /* SearchViewController.swift */,
				FC03C7BD256DE7FE00AD2614 /* Main.storyboard */,
				FC03C7C0256DE80000AD2614 /* Assets.xcassets */,
				FC03C7C2256DE80000AD2614 /* LaunchScreen.storyboard */,
				FC03C7C5256DE80000AD2614 /* Info.plist */,
				FC03C7CD256E006600AD2614 /* SearchResult.swift */,
				FCE5ADE925708F8B00DB4495 /* SearchResultCell.xib */,
				FCE5ADEC25709BBC00DB4495 /* SearchResultCell.swift */,
				FCE5ADEF2570A10200DB4495 /* NothingFoundCell.xib */,
				FCE20BA8257B392100FC748C /* LoadingCell.xib */,
			);
			path = FakeItunes;
			sourceTree = "<group>";
		};
/* End PBXGroup section */

/* Begin PBXNativeTarget section */
		FC03C7B3256DE7FE00AD2614 /* FakeItunes */ = {
			isa = PBXNativeTarget;
			buildConfigurationList = FC03C7C8256DE80000AD2614 /* Build configuration list for PBXNativeTarget "FakeItunes" */;
			buildPhases = (
				FC03C7B0256DE7FE00AD2614 /* Sources */,
				FC03C7B1256DE7FE00AD2614 /* Frameworks */,
				FC03C7B2256DE7FE00AD2614 /* Resources */,
			);
			buildRules = (
			);
			dependencies = (
			);
			name = FakeItunes;
			productName = FakeItunes;
			productReference = FC03C7B4256DE7FE00AD2614 /* FakeItunes.app */;
			productType = "com.apple.product-type.application";
		};
/* End PBXNativeTarget section */

/* Begin PBXProject section */
		FC03C7AC256DE7FE00AD2614 /* Project object */ = {
			isa = PBXProject;
			attributes = {
				LastSwiftUpdateCheck = 1220;
				LastUpgradeCheck = 1220;
				TargetAttributes = {
					FC03C7B3256DE7FE00AD2614 = {
						CreatedOnToolsVersion = 12.2;
					};
				};
			};
			buildConfigurationList = FC03C7AF256DE7FE00AD2614 /* Build configuration list for PBXProject "FakeItunes" */;
			compatibilityVersion = "Xcode 9.3";
			developmentRegion = en;
			hasScannedForEncodings = 0;
			knownRegions = (
				en,
				Base,
			);
			mainGroup = FC03C7AB256DE7FE00AD2614;
			productRefGroup = FC03C7B5256DE7FE00AD2614 /* Products */;
			projectDirPath = "";
			projectRoot = "";
			targets = (
				FC03C7B3256DE7FE00AD2614 /* FakeItunes */,
			);
		};
/* End PBXProject section */

/* Begin PBXResourcesBuildPhase section */
		FC03C7B2256DE7FE00AD2614 /* Resources */ = {
			isa = PBXResourcesBuildPhase;
			buildActionMask = 2147483647;
			files = (
				FC03C7C4256DE80000AD2614 /* LaunchScreen.storyboard in Resources */,
				FC03C7C1256DE80000AD2614 /* Assets.xcassets in Resources */,
				FCE20BA9257B392100FC748C /* LoadingCell.xib in Resources */,
				FCE5ADEA25708F8B00DB4495 /* SearchResultCell.xib in Resources */,
				FCE5ADF02570A10200DB4495 /* NothingFoundCell.xib in Resources */,
				FC03C7BF256DE7FE00AD2614 /* Main.storyboard in Resources */,
			);
			runOnlyForDeploymentPostprocessing = 0;
		};
/* End PBXResourcesBuildPhase section */

/* Begin PBXSourcesBuildPhase section */
		FC03C7B0256DE7FE00AD2614 /* Sources */ = {
			isa = PBXSourcesBuildPhase;
			buildActionMask = 2147483647;
			files = (
				FC03C7BC256DE7FE00AD2614 /* SearchViewController.swift in Sources */,
				FC03C7B8256DE7FE00AD2614 /* AppDelegate.swift in Sources */,
				FC03C7CE256E006600AD2614 /* SearchResult.swift in Sources */,
				FC03C7BA256DE7FE00AD2614 /* SceneDelegate.swift in Sources */,
				FCE5ADED25709BBC00DB4495 /* SearchResultCell.swift in Sources */,
			);
			runOnlyForDeploymentPostprocessing = 0;
		};
/* End PBXSourcesBuildPhase section */

/* Begin PBXVariantGroup section */
		FC03C7BD256DE7FE00AD2614 /* Main.storyboard */ = {
			isa = PBXVariantGroup;
			children = (
				FC03C7BE256DE7FE00AD2614 /* Base */,
			);
			name = Main.storyboard;
			sourceTree = "<group>";
		};
		FC03C7C2256DE80000AD2614 /* LaunchScreen.storyboard */ = {
			isa = PBXVariantGroup;
			children = (
				FC03C7C3256DE80000AD2614 /* Base */,
			);
			name = LaunchScreen.storyboard;
			sourceTree = "<group>";
		};
/* End PBXVariantGroup section */

/* Begin XCBuildConfiguration section */
		FC03C7C6256DE80000AD2614 /* Debug */ = {
			isa = XCBuildConfiguration;
			buildSettings = {
				ALWAYS_SEARCH_USER_PATHS = NO;
				CLANG_ANALYZER_NONNULL = YES;
				CLANG_ANALYZER_NUMBER_OBJECT_CONVERSION = YES_AGGRESSIVE;
				CLANG_CXX_LANGUAGE_STANDARD = "gnu++14";
				CLANG_CXX_LIBRARY = "libc++";
				CLANG_ENABLE_MODULES = YES;
				CLANG_ENABLE_OBJC_ARC = YES;
				CLANG_ENABLE_OBJC_WEAK = YES;
				CLANG_WARN_BLOCK_CAPTURE_AUTORELEASING = YES;
				CLANG_WARN_BOOL_CONVERSION = YES;
				CLANG_WARN_COMMA = YES;
				CLANG_WARN_CONSTANT_CONVERSION = YES;
				CLANG_WARN_DEPRECATED_OBJC_IMPLEMENTATIONS = YES;
				CLANG_WARN_DIRECT_OBJC_ISA_USAGE = YES_ERROR;
				CLANG_WARN_DOCUMENTATION_COMMENTS = YES;
				CLANG_WARN_EMPTY_BODY = YES;
				CLANG_WARN_ENUM_CONVERSION = YES;
				CLANG_WARN_INFINITE_RECURSION = YES;
				CLANG_WARN_INT_CONVERSION = YES;
				CLANG_WARN_NON_LITERAL_NULL_CONVERSION = YES;
				CLANG_WARN_OBJC_IMPLICIT_RETAIN_SELF = YES;
				CLANG_WARN_OBJC_LITERAL_CONVERSION = YES;
				CLANG_WARN_OBJC_ROOT_CLASS = YES_ERROR;
				CLANG_WARN_QUOTED_INCLUDE_IN_FRAMEWORK_HEADER = YES;
				CLANG_WARN_RANGE_LOOP_ANALYSIS = YES;
				CLANG_WARN_STRICT_PROTOTYPES = YES;
				CLANG_WARN_SUSPICIOUS_MOVE = YES;
				CLANG_WARN_UNGUARDED_AVAILABILITY = YES_AGGRESSIVE;
				CLANG_WARN_UNREACHABLE_CODE = YES;
				CLANG_WARN__DUPLICATE_METHOD_MATCH = YES;
				COPY_PHASE_STRIP = NO;
				DEBUG_INFORMATION_FORMAT = dwarf;
				ENABLE_STRICT_OBJC_MSGSEND = YES;
				ENABLE_TESTABILITY = YES;
				GCC_C_LANGUAGE_STANDARD = gnu11;
				GCC_DYNAMIC_NO_PIC = NO;
				GCC_NO_COMMON_BLOCKS = YES;
				GCC_OPTIMIZATION_LEVEL = 0;
				GCC_PREPROCESSOR_DEFINITIONS = (
					"DEBUG=1",
					"$(inherited)",
				);
				GCC_WARN_64_TO_32_BIT_CONVERSION = YES;
				GCC_WARN_ABOUT_RETURN_TYPE = YES_ERROR;
				GCC_WARN_UNDECLARED_SELECTOR = YES;
				GCC_WARN_UNINITIALIZED_AUTOS = YES_AGGRESSIVE;
				GCC_WARN_UNUSED_FUNCTION = YES;
				GCC_WARN_UNUSED_VARIABLE = YES;
				IPHONEOS_DEPLOYMENT_TARGET = 14.2;
				MTL_ENABLE_DEBUG_INFO = INCLUDE_SOURCE;
				MTL_FAST_MATH = YES;
				ONLY_ACTIVE_ARCH = YES;
				SDKROOT = iphoneos;
				SWIFT_ACTIVE_COMPILATION_CONDITIONS = DEBUG;
				SWIFT_OPTIMIZATION_LEVEL = "-Onone";
			};
			name = Debug;
		};
		FC03C7C7256DE80000AD2614 /* Release */ = {
			isa = XCBuildConfiguration;
			buildSettings = {
				ALWAYS_SEARCH_USER_PATHS = NO;
				CLANG_ANALYZER_NONNULL = YES;
				CLANG_ANALYZER_NUMBER_OBJECT_CONVERSION = YES_AGGRESSIVE;
				CLANG_CXX_LANGUAGE_STANDARD = "gnu++14";
				CLANG_CXX_LIBRARY = "libc++";
				CLANG_ENABLE_MODULES = YES;
				CLANG_ENABLE_OBJC_ARC = YES;
				CLANG_ENABLE_OBJC_WEAK = YES;
				CLANG_WARN_BLOCK_CAPTURE_AUTORELEASING = YES;
				CLANG_WARN_BOOL_CONVERSION = YES;
				CLANG_WARN_COMMA = YES;
				CLANG_WARN_CONSTANT_CONVERSION = YES;
				CLANG_WARN_DEPRECATED_OBJC_IMPLEMENTATIONS = YES;
				CLANG_WARN_DIRECT_OBJC_ISA_USAGE = YES_ERROR;
				CLANG_WARN_DOCUMENTATION_COMMENTS = YES;
				CLANG_WARN_EMPTY_BODY = YES;
				CLANG_WARN_ENUM_CONVERSION = YES;
				CLANG_WARN_INFINITE_RECURSION = YES;
				CLANG_WARN_INT_CONVERSION = YES;
				CLANG_WARN_NON_LITERAL_NULL_CONVERSION = YES;
				CLANG_WARN_OBJC_IMPLICIT_RETAIN_SELF = YES;
				CLANG_WARN_OBJC_LITERAL_CONVERSION = YES;
				CLANG_WARN_OBJC_ROOT_CLASS = YES_ERROR;
				CLANG_WARN_QUOTED_INCLUDE_IN_FRAMEWORK_HEADER = YES;
				CLANG_WARN_RANGE_LOOP_ANALYSIS = YES;
				CLANG_WARN_STRICT_PROTOTYPES = YES;
				CLANG_WARN_SUSPICIOUS_MOVE = YES;
				CLANG_WARN_UNGUARDED_AVAILABILITY = YES_AGGRESSIVE;
				CLANG_WARN_UNREACHABLE_CODE = YES;
				CLANG_WARN__DUPLICATE_METHOD_MATCH = YES;
				COPY_PHASE_STRIP = NO;
				DEBUG_INFORMATION_FORMAT = "dwarf-with-dsym";
				ENABLE_NS_ASSERTIONS = NO;
				ENABLE_STRICT_OBJC_MSGSEND = YES;
				GCC_C_LANGUAGE_STANDARD = gnu11;
				GCC_NO_COMMON_BLOCKS = YES;
				GCC_WARN_64_TO_32_BIT_CONVERSION = YES;
				GCC_WARN_ABOUT_RETURN_TYPE = YES_ERROR;
				GCC_WARN_UNDECLARED_SELECTOR = YES;
				GCC_WARN_UNINITIALIZED_AUTOS = YES_AGGRESSIVE;
				GCC_WARN_UNUSED_FUNCTION = YES;
				GCC_WARN_UNUSED_VARIABLE = YES;
				IPHONEOS_DEPLOYMENT_TARGET = 14.2;
				MTL_ENABLE_DEBUG_INFO = NO;
				MTL_FAST_MATH = YES;
				SDKROOT = iphoneos;
				SWIFT_COMPILATION_MODE = wholemodule;
				SWIFT_OPTIMIZATION_LEVEL = "-O";
				VALIDATE_PRODUCT = YES;
			};
			name = Release;
		};
		FC03C7C9256DE80000AD2614 /* Debug */ = {
			isa = XCBuildConfiguration;
			buildSettings = {
				ASSETCATALOG_COMPILER_APPICON_NAME = AppIcon;
				ASSETCATALOG_COMPILER_GLOBAL_ACCENT_COLOR_NAME = AccentColor;
				CODE_SIGN_STYLE = Automatic;
				DEVELOPMENT_TEAM = 7T64267W84;
				INFOPLIST_FILE = FakeItunes/Info.plist;
				LD_RUNPATH_SEARCH_PATHS = (
					"$(inherited)",
					"@executable_path/Frameworks",
				);
				PRODUCT_BUNDLE_IDENTIFIER = com.ordobaev.FakeItunes;
				PRODUCT_NAME = "$(TARGET_NAME)";
				SWIFT_VERSION = 5.0;
				TARGETED_DEVICE_FAMILY = "1,2";
			};
			name = Debug;
		};
		FC03C7CA256DE80000AD2614 /* Release */ = {
			isa = XCBuildConfiguration;
			buildSettings = {
				ASSETCATALOG_COMPILER_APPICON_NAME = AppIcon;
				ASSETCATALOG_COMPILER_GLOBAL_ACCENT_COLOR_NAME = AccentColor;
				CODE_SIGN_STYLE = Automatic;
				DEVELOPMENT_TEAM = 7T64267W84;
				INFOPLIST_FILE = FakeItunes/Info.plist;
				LD_RUNPATH_SEARCH_PATHS = (
					"$(inherited)",
					"@executable_path/Frameworks",
				);
				PRODUCT_BUNDLE_IDENTIFIER = com.ordobaev.FakeItunes;
				PRODUCT_NAME = "$(TARGET_NAME)";
				SWIFT_VERSION = 5.0;
				TARGETED_DEVICE_FAMILY = "1,2";
			};
			name = Release;
		};
/* End XCBuildConfiguration section */

/* Begin XCConfigurationList section */
		FC03C7AF256DE7FE00AD2614 /* Build configuration list for PBXProject "FakeItunes" */ = {
			isa = XCConfigurationList;
			buildConfigurations = (
				FC03C7C6256DE80000AD2614 /* Debug */,
				FC03C7C7256DE80000AD2614 /* Release */,
			);
			defaultConfigurationIsVisible = 0;
			defaultConfigurationName = Release;
		};
		FC03C7C8256DE80000AD2614 /* Build configuration list for PBXNativeTarget "FakeItunes" */ = {
			isa = XCConfigurationList;
			buildConfigurations = (
				FC03C7C9256DE80000AD2614 /* Debug */,
				FC03C7CA256DE80000AD2614 /* Release */,
			);
			defaultConfigurationIsVisible = 0;
			defaultConfigurationName = Release;
		};
/* End XCConfigurationList section */
	};
	rootObject = FC03C7AC256DE7FE00AD2614 /* Project object */;
}
